github.com/cdvelop/api v0.0.85 h1:4FmTRcJcV7Von9BWLuxu2w692FTBFyhaWzOex89yceI=
github.com/cdvelop/api v0.0.85/go.mod h1:9tSrNh5/hszOD841jbbYCU0cg4M9XOHS5AARGCAvljc=
github.com/cdvelop/cutkey v1.0.7 h1:2fcXb7YHHigiwlUQLN5qgJPPHA56WdtWI7JIpSboN68=
github.com/cdvelop/cutkey v1.0.7/go.mod h1:vqMvDaRoxP8N50uYCLhA18BpqQ45DJeWIqye0yAYpPg=
github.com/cdvelop/dbtools v0.0.77 h1:5kOiyHIltMeGduj9P+Tj6ICKUFDcnc8VD0lN915O7zQ=
github.com/cdvelop/fetchserver v0.0.22 h1:S5CgvSHDCnFYuHBwlnd8YoYzoMTetdEha1VLZ0Yr25E=
github.com/cdvelop/fetchserver v0.0.22/go.mod h1:/SL709VOYq9FvCZjlJeEwDEofdvjBnB8GKPU51aintI=
github.com/cdvelop/filehandler v0.0.25 h1:tcpieXMTT+0aUsyBSDB7RPXJX80jm2IYUNv5y4jqrHY=
github.com/cdvelop/filehandler v0.0.25/go.mod h1:meTUHZd6koD00cy9ySps7R9bdxkkHidF5HWngFVM2OU=
github.com/cdvelop/fileinput v0.0.51 h1:012jUVd1x5kAkZBlIfB7PaMkvY9jiCN99Lnqqg9hiLg=
github.com/cdvelop/fileserver v0.0.46 h1:1i7CiGzQOtVxkWZFHx/lJIObQ2gfvxMW6lwIVeVGnu8=
github.com/cdvelop/fileserver v0.0.46/go.mod h1:FUeso6HBonOdglWoBBdkIkjppUd6AqaLBiMJzA6kGBk=
github.com/cdvelop/gotools v0.0.76 h1:mKmXrH6QDLxxCbi8fB3UqbaYA0qtnbScgEwc1C3pemo=
github.com/cdvelop/input v0.0.74 h1:cmWGapOQ4utj7bXRqmGITAMlOfmVQ5AsNUolItz8e5o=
github.com/cdvelop/input v0.0.74/go.mod h1:dSC3vWPEe6DmOX8Q+tR9O9rec+2QGWinVQxmLnFSGSM=
github.com/cdvelop/logserver v0.0.23 h1:RFeXW+X4VcwO13trbtn1yrrzpjOjtIYobxyU4uBzxmU=
github.com/cdvelop/logserver v0.0.23/go.mod h1:44xHB5NmtL0ZO527XlTbnZhESsHktbQUUK+XWffEXuE=
github.com/cdvelop/maps v0.0.8 h1:7pc/iRC5mhf91TB8TaGoXkyFloH1pH1TWbLBR4kZhZY=
github.com/cdvelop/maps v0.0.8/go.mod h1:00f/VqX/M0iiiY/BG2KxfxfFuoU5jAaNLEDGw7Tlduk=
github.com/cdvelop/model v0.0.102 h1:WyVT07s7+oa8r4pD7Xy06h+oRG+xX4FRi9SD5FlLWyU=
github.com/cdvelop/model v0.0.102/go.mod h1:cYJNxbv1WV/aDgiVPV9VXs8LrbF8+0nU+X+KfSevyzw=
github.com/cdvelop/object v0.0.57 h1:IbGf6oQXb3yMJlr89AS+/wcTf+gYO5kh9+3ywF0Jncc=
github.com/cdvelop/object v0.0.57/go.mod h1:MbhkNDs9EEXwhrkMlPGtccwqXyIkxqcGIX65zT6CcqA=
github.com/cdvelop/objectdb v0.0.103 h1:vYI6RjNxtokkyaN4mb99B0NQhdGJpHWvacQWajDPPcA=
github.com/cdvelop/output v0.0.16 h1:4hmAy0kF98dVEWj2qq6fMtiq3pz1ZTDmxf9AgHiBb7g=
github.com/cdvelop/output v0.0.16/go.mod h1:J0NdlSxlURjPlX82VUmaq7o9Z4omOSH0yLUoioPdELc=
github.com/cdvelop/sqlite v0.0.96 h1:vPME5K5PspdFymuLrauruybb1ZX5wp6ECBUzr8ArpTE=
github.com/cdvelop/strings v0.0.9 h1:yDh2msl3EQja0dHw+oOHfD9ymQMa50KakKTkjsXDnvw=
github.com/cdvelop/strings v0.0.9/go.mod h1:zNexDeXHRETbMmlmNThQeM7ksRsvzrphsCfwuSxaURk=
github.com/cdvelop/timeserver v0.0.31 h1:+Yt1ydpmtNDMJbFu29hcnmkwtK+BW+gBQyhbVVAvnHg=
github.com/cdvelop/timetools v0.0.32 h1:tQPO4BwrEBrIGVMZHhsoYYeu8UXyF6hicm/Q54SET6k=
github.com/cdvelop/timetools v0.0.32/go.mod h1:Y6C9bgqYnwI+WUuIiJs5VlfyNdVPsCN+42LxUB1S2yo=
github.com/cdvelop/unixid v0.0.40 h1:kI2KrZbiXavhBSQxlfsiURgF+HB8kluER/quiJgzLFg=
github.com/cdvelop/unixid v0.0.40/go.mod h1:ZWB8DE8xF5eTp0xPrlggJOV5K0YafvKUDjbGmzYF2mQ=
github.com/gabriel-vasile/mimetype v1.4.3 h1:in2uUcidCuFcDKtdcBxlR0rJ1+fsokWf+uqxgUFjbI0=
github.com/gabriel-vasile/mimetype v1.4.3/go.mod h1:d8uq/6HKRL6CGdk+aubisF/M5GcPfT7nKyLpA0lbSSk=
github.com/mattn/go-sqlite3 v1.14.19 h1:fhGleo2h1p8tVChob4I9HpmVFIAkKGpiukdrgQbWfGI=
golang.org/x/net v0.19.0 h1:zTwKpTd2XuCqf8huc7Fo2iSy+4RHPd10s4KzeTnVr1c=
golang.org/x/net v0.19.0/go.mod h1:CfAk/cbD4CthTvqiEl8NpboMuiuOYsAr/7NOjZJtv1U=
golang.org/x/text v0.14.0 h1:ScX5w1eTa3QqT8oi6+ziP7dTV1S2+ALU0bI+0zXKWiQ=
