github.com/cdvelop/dbtools v0.0.61 h1:Pdp+2U7YgmU5F/ixTYZFOlioBkwHlaF50J2YCrCKkcg=
github.com/cdvelop/fileinput v0.0.31 h1:KSrNjauUN/vtCLIxdkOgcTeFrcmSA2Ws94TlFDN6/rg=
github.com/cdvelop/gotools v0.0.56 h1:v3sM4Q7o6EKnJLlkhjuA4H3Cy+b7+xZLcbjE91BjjLc=
github.com/cdvelop/objectdb v0.0.84 h1:yVLA+9f0+q4ZCJyhzcPFtvGUzmNRHu8JV6m59ThJhvc=
github.com/cdvelop/output v0.0.16 h1:4hmAy0kF98dVEWj2qq6fMtiq3pz1ZTDmxf9AgHiBb7g=
github.com/cdvelop/output v0.0.16/go.mod h1:J0NdlSxlURjPlX82VUmaq7o9Z4omOSH0yLUoioPdELc=
github.com/cdvelop/sqlite v0.0.79 h1:uLkP0qRFZqKQMkqa3X6quSqWPKoRJz73r+VtlEymkrI=
github.com/cdvelop/timeserver v0.0.19 h1:R9wv7YdrVyslbAC6nrE3yS333Pbc0ERumgoqquovB3A=
github.com/gabriel-vasile/mimetype v1.4.3 h1:in2uUcidCuFcDKtdcBxlR0rJ1+fsokWf+uqxgUFjbI0=
github.com/gabriel-vasile/mimetype v1.4.3/go.mod h1:d8uq/6HKRL6CGdk+aubisF/M5GcPfT7nKyLpA0lbSSk=
github.com/mattn/go-sqlite3 v1.14.18 h1:JL0eqdCOq6DJVNPSvArO/bIV9/P7fbGrV00LZHc+5aI=
golang.org/x/net v0.18.0 h1:mIYleuAkSbHh0tCv7RvjL3F6ZVbLjq4+R7zbOn3Kokg=
golang.org/x/net v0.18.0/go.mod h1:/czyP5RqHAH4odGYxBJ1qz0+CE5WZ+2j1YgoEo8F2jQ=
golang.org/x/text v0.14.0 h1:ScX5w1eTa3QqT8oi6+ziP7dTV1S2+ALU0bI+0zXKWiQ=
