github.com/cdvelop/api v0.0.105 h1:b2ompiXKdfkIkDJrxUTRtMaGXFVZyCm0GHZSAqlKIzs=
github.com/cdvelop/api v0.0.105/go.mod h1:Q3hU6BH8IwAeAn8dUZd5nQiqXqLdHBiAEecu995Y/OE=
github.com/cdvelop/cutkey v1.0.15 h1:9shXpIJTbNHy/nEaI01V9uiwsJq75UiZN3DPtYtPVHM=
github.com/cdvelop/cutkey v1.0.15/go.mod h1:oc/YMUxZqCNzf4MR2N0NbJguwBLrrDl8j/PeZTSR6go=
github.com/cdvelop/dbtools v0.0.81 h1:1l6Dk3D5drReyaxacIzSF+mrDRNk/J1DKZU8bQbyGVg=
github.com/cdvelop/fetchserver v0.0.26 h1:X/xPu+YkoUaxD5KNnkyZSSmXF4HF9xQ55/H8rRN/HXQ=
github.com/cdvelop/fetchserver v0.0.26/go.mod h1:6VtPsHweXFI4Z8b8DrJxP4bLhVR0kYrrQKpmCWk/xpk=
github.com/cdvelop/filehandler v0.0.39 h1:rDVTwgGW/wDSGWJWM5Z1aDa3rUdCy0ciY0SvEd/jg5E=
github.com/cdvelop/filehandler v0.0.39/go.mod h1:WNbqBzCxXA7wP1tKvlRY2fnj46D3R+5yNDiYM5iMuUo=
github.com/cdvelop/fileinput v0.0.71 h1:EIjU/HyuwyBdk0ROecl3c60YL7pC/4k8lCXwEitwAP4=
github.com/cdvelop/fileserver v0.0.59 h1:POCGRLhWrVOPlL9fMHAfqWqHExd8wtwM7O4KxVEN6wI=
github.com/cdvelop/fileserver v0.0.59/go.mod h1:/cCuA/j7dEdn1EzvKYzCN/Qf1lgWEf5AaXV1ikE1ToU=
github.com/cdvelop/gotools v0.0.82 h1:TaDhR4IhfcBdbvCeDyV0Tvyg7sxvxAZBPktpBDpgn2c=
github.com/cdvelop/input v0.0.83 h1:GNtOgYFwS/PVjePEDGGiiNP9jn/bT2K80oHQ0ea2jK4=
github.com/cdvelop/input v0.0.83/go.mod h1:IkjU2/0tE71mN1C6bLfeAAxe7P8MNM2w/+p7mUWCypA=
github.com/cdvelop/logserver v0.0.35 h1:+6GwgZqOZEsrqqp9sAecp9KrviBFUZoYXyTMFxah4+A=
github.com/cdvelop/logserver v0.0.35/go.mod h1:jYtaj7/4uZByVE2qfYnOwy2UdvTwxoiP3O+kb9mDLIM=
github.com/cdvelop/maps v0.0.8 h1:7pc/iRC5mhf91TB8TaGoXkyFloH1pH1TWbLBR4kZhZY=
github.com/cdvelop/maps v0.0.8/go.mod h1:00f/VqX/M0iiiY/BG2KxfxfFuoU5jAaNLEDGw7Tlduk=
github.com/cdvelop/object v0.0.70 h1:CEm16+VLdA0EguGFTCQov+D0KxVAwKRcs4OpDf9JkSM=
github.com/cdvelop/object v0.0.70/go.mod h1:mWrLTSukgYC2yj6rVXPYELmvHkwZzVKinbDKFiKIrMs=
github.com/cdvelop/objectdb v0.0.114 h1:rgaOdo5WdYZrcJbHMA2rE0P0EMIIotRR2fiiMtisE2A=
github.com/cdvelop/output v0.0.16 h1:4hmAy0kF98dVEWj2qq6fMtiq3pz1ZTDmxf9AgHiBb7g=
github.com/cdvelop/output v0.0.16/go.mod h1:J0NdlSxlURjPlX82VUmaq7o9Z4omOSH0yLUoioPdELc=
github.com/cdvelop/sqlite v0.0.104 h1:e+h7W7PfZT3cqYKycxV4U0uFlK6OXjTFGvcaonMDQLI=
github.com/cdvelop/strings v0.0.9 h1:yDh2msl3EQja0dHw+oOHfD9ymQMa50KakKTkjsXDnvw=
github.com/cdvelop/strings v0.0.9/go.mod h1:zNexDeXHRETbMmlmNThQeM7ksRsvzrphsCfwuSxaURk=
github.com/cdvelop/structs v0.0.1 h1:9H4JUJ/dK1zaUOpIgay4xZpP3O/Jh991nErccKknKZ8=
github.com/cdvelop/structs v0.0.1/go.mod h1:dvym7DUgaMRqhdcDTgCQNkbuhr+HqfwdaDMeZTmIWEI=
github.com/cdvelop/timeserver v0.0.32 h1:11K2TVGBPGfytpCeV4LP/KalLV+E0l6EBI9tijRXtYM=
github.com/cdvelop/timetools v0.0.34 h1:i0xGl3TWul20Mjfo9Al6syclVmhQcitQRsKWdETQkx4=
github.com/cdvelop/timetools v0.0.34/go.mod h1:1OBRkG90bPLQlfG4YYOWp10aa0xlYN+qQ0tBso/EsBo=
github.com/cdvelop/unixid v0.0.49 h1:K9W4VDZF+SvNsYCpSdcf7jFmfv1Z6yTDyRraxqmludQ=
github.com/cdvelop/unixid v0.0.49/go.mod h1:/O2BOVFHMQy7WT7QrP6a52wispBn/TpUZT3cqJj/1zE=
github.com/gabriel-vasile/mimetype v1.4.3 h1:in2uUcidCuFcDKtdcBxlR0rJ1+fsokWf+uqxgUFjbI0=
github.com/gabriel-vasile/mimetype v1.4.3/go.mod h1:d8uq/6HKRL6CGdk+aubisF/M5GcPfT7nKyLpA0lbSSk=
github.com/mattn/go-sqlite3 v1.14.19 h1:fhGleo2h1p8tVChob4I9HpmVFIAkKGpiukdrgQbWfGI=
golang.org/x/net v0.19.0 h1:zTwKpTd2XuCqf8huc7Fo2iSy+4RHPd10s4KzeTnVr1c=
golang.org/x/net v0.19.0/go.mod h1:CfAk/cbD4CthTvqiEl8NpboMuiuOYsAr/7NOjZJtv1U=
golang.org/x/text v0.14.0 h1:ScX5w1eTa3QqT8oi6+ziP7dTV1S2+ALU0bI+0zXKWiQ=
